
Microsoft Visual Studio Solution File, Format Version 12.00
# Visual Studio Version 17
VisualStudioVersion = 17.5.002.0
MinimumVisualStudioVersion = 10.0.40219.1
Project("{9A19103F-16F7-4668-BE54-9A1E7A4F7556}") = "myproject", "myproject.csproj", "{A815F80C-0088-41F6-BF86-E2218C92FA8E}"
EndProject
Global
	GlobalSection(SolutionConfigurationPlatforms) = preSolution
		Debug|Any CPU = Debug|Any CPU
		Release|Any CPU = Release|Any CPU
	EndGlobalSection
	GlobalSection(ProjectConfigurationPlatforms) = postSolution
		{A815F80C-0088-41F6-BF86-E2218C92FA8E}.Debug|Any CPU.ActiveCfg = Debug|Any CPU
		{A815F80C-0088-41F6-BF86-E2218C92FA8E}.Debug|Any CPU.Build.0 = Debug|Any CPU
		{A815F80C-0088-41F6-BF86-E2218C92FA8E}.Release|Any CPU.ActiveCfg = Release|Any CPU
		{A815F80C-0088-41F6-BF86-E2218C92FA8E}.Release|Any CPU.Build.0 = Release|Any CPU
	EndGlobalSection
	GlobalSection(SolutionProperties) = preSolution
		HideSolutionNode = FALSE
	EndGlobalSection
	GlobalSection(ExtensibilityGlobals) = postSolution
		SolutionGuid = {583B70E5-E35E-4637-8EE6-21A80BE26F98}
	EndGlobalSection
EndGlobal
